
Microsoft Visual Studio Solution File, Format Version 12.00
# Visual Studio 2012
Project("{FAE04EC0-301F-11D3-BF4B-00C04F79EFBC}") = "ViaJavaScript", "ViaJavaScript\ViaJavaScript.csproj", "{F4C6BD60-BB85-4348-BD7C-824D748FC0EA}"
EndProject
Global
	GlobalSection(SolutionConfigurationPlatforms) = preSolution
		Debug|Any CPU = Debug|Any CPU
		Release|Any CPU = Release|Any CPU
	EndGlobalSection
	GlobalSection(ProjectConfigurationPlatforms) = postSolution
		{F4C6BD60-BB85-4348-BD7C-824D748FC0EA}.Debug|Any CPU.ActiveCfg = Debug|Any CPU
		{F4C6BD60-BB85-4348-BD7C-824D748FC0EA}.Debug|Any CPU.Build.0 = Debug|Any CPU
		{F4C6BD60-BB85-4348-BD7C-824D748FC0EA}.Release|Any CPU.ActiveCfg = Release|Any CPU
		{F4C6BD60-BB85-4348-BD7C-824D748FC0EA}.Release|Any CPU.Build.0 = Release|Any CPU
	EndGlobalSection
	GlobalSection(SolutionProperties) = preSolution
		HideSolutionNode = FALSE
	EndGlobalSection
EndGlobal
